
Microsoft Visual Studio Solution File, Format Version 12.00
# Visual Studio Version 16
VisualStudioVersion = 16.0.29418.71
MinimumVisualStudioVersion = 10.0.40219.1
Project("{9A19103F-16F7-4668-BE54-9A1E7A4F7556}") = "Assignment4", "Assignment4\Assignment4.csproj", "{EFDC8A81-8033-42CC-8E86-D09C66FD1653}"
EndProject
Project("{9A19103F-16F7-4668-BE54-9A1E7A4F7556}") = "WebService", "WebService\WebService.csproj", "{124268FD-B95D-4D47-94D6-D83426A1AF67}"
EndProject
Project("{9A19103F-16F7-4668-BE54-9A1E7A4F7556}") = "Assignment4.Tests", "TestsFinal\Assignment4.Tests.csproj", "{F92B6577-7F21-473F-A4F9-4C109BF3F868}"
EndProject
Global
	GlobalSection(SolutionConfigurationPlatforms) = preSolution
		Debug|Any CPU = Debug|Any CPU
		Release|Any CPU = Release|Any CPU
	EndGlobalSection
	GlobalSection(ProjectConfigurationPlatforms) = postSolution
		{EFDC8A81-8033-42CC-8E86-D09C66FD1653}.Debug|Any CPU.ActiveCfg = Debug|Any CPU
		{EFDC8A81-8033-42CC-8E86-D09C66FD1653}.Debug|Any CPU.Build.0 = Debug|Any CPU
		{EFDC8A81-8033-42CC-8E86-D09C66FD1653}.Release|Any CPU.ActiveCfg = Release|Any CPU
		{EFDC8A81-8033-42CC-8E86-D09C66FD1653}.Release|Any CPU.Build.0 = Release|Any CPU
		{124268FD-B95D-4D47-94D6-D83426A1AF67}.Debug|Any CPU.ActiveCfg = Debug|Any CPU
		{124268FD-B95D-4D47-94D6-D83426A1AF67}.Debug|Any CPU.Build.0 = Debug|Any CPU
		{124268FD-B95D-4D47-94D6-D83426A1AF67}.Release|Any CPU.ActiveCfg = Release|Any CPU
		{124268FD-B95D-4D47-94D6-D83426A1AF67}.Release|Any CPU.Build.0 = Release|Any CPU
		{F92B6577-7F21-473F-A4F9-4C109BF3F868}.Debug|Any CPU.ActiveCfg = Debug|Any CPU
		{F92B6577-7F21-473F-A4F9-4C109BF3F868}.Debug|Any CPU.Build.0 = Debug|Any CPU
		{F92B6577-7F21-473F-A4F9-4C109BF3F868}.Release|Any CPU.ActiveCfg = Release|Any CPU
		{F92B6577-7F21-473F-A4F9-4C109BF3F868}.Release|Any CPU.Build.0 = Release|Any CPU
	EndGlobalSection
	GlobalSection(SolutionProperties) = preSolution
		HideSolutionNode = FALSE
	EndGlobalSection
	GlobalSection(ExtensibilityGlobals) = postSolution
		SolutionGuid = {A1E2CF41-87E3-42C6-BB7D-0D831D90C000}
	EndGlobalSection
EndGlobal
